
Microsoft Visual Studio Solution File, Format Version 12.00
# Visual Studio Version 17
VisualStudioVersion = 17.6.33815.320
MinimumVisualStudioVersion = 10.0.40219.1
Project("{FAE04EC0-301F-11D3-BF4B-00C04F79EFBC}") = "Gravity.Drawer", "Gravity.Drawer\Gravity.Drawer.csproj", "{7C78B8F1-30CA-4FE4-9917-00DCB17ABBF4}"
EndProject
Project("{FAE04EC0-301F-11D3-BF4B-00C04F79EFBC}") = "Gravity.CalculateOrbits", "Gravity.CalculateOrbits\Gravity.CalculateOrbits.csproj", "{EF681D5B-C812-49CA-B371-A890575BFEBF}"
EndProject
Global
	GlobalSection(SolutionConfigurationPlatforms) = preSolution
		Debug|Any CPU = Debug|Any CPU
		Release|Any CPU = Release|Any CPU
	EndGlobalSection
	GlobalSection(ProjectConfigurationPlatforms) = postSolution
		{7C78B8F1-30CA-4FE4-9917-00DCB17ABBF4}.Debug|Any CPU.ActiveCfg = Debug|Any CPU
		{7C78B8F1-30CA-4FE4-9917-00DCB17ABBF4}.Debug|Any CPU.Build.0 = Debug|Any CPU
		{7C78B8F1-30CA-4FE4-9917-00DCB17ABBF4}.Release|Any CPU.ActiveCfg = Release|Any CPU
		{7C78B8F1-30CA-4FE4-9917-00DCB17ABBF4}.Release|Any CPU.Build.0 = Release|Any CPU
		{EF681D5B-C812-49CA-B371-A890575BFEBF}.Debug|Any CPU.ActiveCfg = Debug|Any CPU
		{EF681D5B-C812-49CA-B371-A890575BFEBF}.Debug|Any CPU.Build.0 = Debug|Any CPU
		{EF681D5B-C812-49CA-B371-A890575BFEBF}.Release|Any CPU.ActiveCfg = Release|Any CPU
		{EF681D5B-C812-49CA-B371-A890575BFEBF}.Release|Any CPU.Build.0 = Release|Any CPU
	EndGlobalSection
	GlobalSection(SolutionProperties) = preSolution
		HideSolutionNode = FALSE
	EndGlobalSection
	GlobalSection(ExtensibilityGlobals) = postSolution
		SolutionGuid = {B2FA874F-FAEA-4D24-A601-7CDC2858FB19}
	EndGlobalSection
EndGlobal
